
Microsoft Visual Studio Solution File, Format Version 12.00
# Visual Studio Version 16
VisualStudioVersion = 16.0.31313.79
MinimumVisualStudioVersion = 10.0.40219.1
Project("{FAE04EC0-301F-11D3-BF4B-00C04F79EFBC}") = "TestWeek3.Carrello", "TestWeek3.Carrello\TestWeek3.Carrello.csproj", "{B5060472-E0E3-4EC8-909F-3584A52457D2}"
EndProject
Global
	GlobalSection(SolutionConfigurationPlatforms) = preSolution
		Debug|Any CPU = Debug|Any CPU
		Release|Any CPU = Release|Any CPU
	EndGlobalSection
	GlobalSection(ProjectConfigurationPlatforms) = postSolution
		{B5060472-E0E3-4EC8-909F-3584A52457D2}.Debug|Any CPU.ActiveCfg = Debug|Any CPU
		{B5060472-E0E3-4EC8-909F-3584A52457D2}.Debug|Any CPU.Build.0 = Debug|Any CPU
		{B5060472-E0E3-4EC8-909F-3584A52457D2}.Release|Any CPU.ActiveCfg = Release|Any CPU
		{B5060472-E0E3-4EC8-909F-3584A52457D2}.Release|Any CPU.Build.0 = Release|Any CPU
	EndGlobalSection
	GlobalSection(SolutionProperties) = preSolution
		HideSolutionNode = FALSE
	EndGlobalSection
	GlobalSection(ExtensibilityGlobals) = postSolution
		SolutionGuid = {45553CEF-B127-4896-ABEF-41125BC2F0E5}
	EndGlobalSection
EndGlobal
